
Microsoft Visual Studio Solution File, Format Version 12.00
# Visual Studio Version 16
VisualStudioVersion = 16.0.31605.320
MinimumVisualStudioVersion = 10.0.40219.1
Project("{FAE04EC0-301F-11D3-BF4B-00C04F79EFBC}") = "BotApi", "BotApi\BotApi.csproj", "{2B47B66A-2854-4A88-ABF9-D246A9A8D049}"
EndProject
Global
	GlobalSection(SolutionConfigurationPlatforms) = preSolution
		Debug|Any CPU = Debug|Any CPU
		Release|Any CPU = Release|Any CPU
	EndGlobalSection
	GlobalSection(ProjectConfigurationPlatforms) = postSolution
		{2B47B66A-2854-4A88-ABF9-D246A9A8D049}.Debug|Any CPU.ActiveCfg = Debug|Any CPU
		{2B47B66A-2854-4A88-ABF9-D246A9A8D049}.Debug|Any CPU.Build.0 = Debug|Any CPU
		{2B47B66A-2854-4A88-ABF9-D246A9A8D049}.Release|Any CPU.ActiveCfg = Release|Any CPU
		{2B47B66A-2854-4A88-ABF9-D246A9A8D049}.Release|Any CPU.Build.0 = Release|Any CPU
	EndGlobalSection
	GlobalSection(SolutionProperties) = preSolution
		HideSolutionNode = FALSE
	EndGlobalSection
	GlobalSection(ExtensibilityGlobals) = postSolution
		SolutionGuid = {8BA8FFE1-EE5A-4B09-B5D8-EE8BC27BFAF6}
	EndGlobalSection
EndGlobal
